github.com/andybalholm/brotli v1.2.1 h1:R+f5xP285VArJDRgowrfb9DqL18yVK0gKAW/F+eTWro=
github.com/andybalholm/brotli v1.2.1/go.mod h1:rzTDkvFWvIrjDXZHkuS16NPggd91W3kUSvPlQ1pLaKY=
github.com/go-gl/gl v0.0.0-20260331235117-4566fea9a276 h1:IO5P06Pcj9K04d+l4nrf3c2U56+dAotIFG6u4P1wAHI=
github.com/go-gl/gl v0.0.0-20260331235117-4566fea9a276/go.mod h1:9YTyiznxEY1fVinfM7RvRcjRHbw2xLBJ3AAGIT0I4Nw=
github.com/go-gl/glfw/v3.3/glfw v0.0.0-20260707082822-2a407d02d01a h1:hSqNjNllNZUIiqXiS7zFJFqqPa4VPqrzMcWws1dz/VE=
github.com/go-gl/glfw/v3.3/glfw v0.0.0-20260707082822-2a407d02d01a/go.mod h1:SyRD8YfuKk+ZXlDqYiqe1qMSqjNgtHzBTG810KUagMc=
github.com/go-gl/mathgl v1.2.0 h1:v2eOj/y1B2afDxF6URV1qCYmo1KW08lAMtTbOn3KXCY=
github.com/go-gl/mathgl v1.2.0/go.mod h1:pf9+b5J3LFP7iZ4XXaVzZrCle0Q/vNpB/vDe5+3ulRE=
github.com/klauspost/compress v1.18.6 h1:2jupLlAwFm95+YDR+NwD2MEfFO9d4z4Prjl1XXDjuao=
github.com/klauspost/compress v1.18.6/go.mod h1:cwPg85FWrGar70rWktvGQj8/hthj3wpl0PGDogxkrSQ=
github.com/lrnxzz/graft v0.0.0-20260714221857-89d37686f237 h1:oXH4BcCDHEQhh/CUO0REuuDyI9v7bf2B343jrugMrsE=
github.com/lrnxzz/graft v0.0.0-20260714221857-89d37686f237/go.mod h1:FNbJqb/oZzbE1XokGLJ5K2CazOhBpq1YydZsryZi1SE=
github.com/lrnxzz/graft/agent v0.0.0-20260714221857-89d37686f237 h1:2wzWdLEIFGeQf+xc7PZAtAM/bAhgzLOr7vr8g7xaNCs=
github.com/lrnxzz/graft/agent v0.0.0-20260714221857-89d37686f237/go.mod h1:bfhp8OAyHpGqC7NC/ZnDlFwzB5RReM7QSHYuw5SQQrc=
github.com/lrnxzz/graft/codec/v765 v765.0.0-20260714221857-89d37686f237 h1:ywgQgrABR5BCYtrTQ0q/2/8nixoSdLcKgCxp7ltp8Uk=
github.com/lrnxzz/graft/codec/v765 v765.0.0-20260714221857-89d37686f237/go.mod h1:ZrVhN5rz6DHQ2kcV6IIOlw+OwJFWj8umZeh0uQ2WQVU=
github.com/lrnxzz/graft/mojang v0.0.0-20260715002557-52d1baa1c5b9 h1:+mYyI6swhNYPJHREqYhdAQSfBOcctRl5Sg5vJAuqu58=
github.com/lrnxzz/graft/mojang v0.0.0-20260715002557-52d1baa1c5b9/go.mod h1:7xGr6Zrhy2ShdEaWVBT15/JpRFECWhJkyhzfA4QA3ag=
github.com/lrnxzz/graft/nbt v0.0.0-20260715002557-52d1baa1c5b9 h1:RK5/kZtEnt6Bi4CML4gA9CD9Ctootl8W7zNmJv4RdLg=
github.com/lrnxzz/graft/nbt v0.0.0-20260715002557-52d1baa1c5b9/go.mod h1:LRi8rYgnjEQnLvPvY2VQzgcHEFqHEvh3o0LilL3TYXI=
github.com/valyala/bytebufferpool v1.0.0 h1:GqA5TC/0021Y/b9FG4Oi9Mr3q7XYx6KllzawFIhcdPw=
github.com/valyala/bytebufferpool v1.0.0/go.mod h1:6bBcMArwyJ5K/AmCkWv1jt77kVWyCJ6HpOuEn7z0Csc=
github.com/valyala/fasthttp v1.72.0 h1:R7kYdoWhn1ye1fVpP+cDHDJwYm3NkwLliwgzJ/Abg7M=
github.com/valyala/fasthttp v1.72.0/go.mod h1:zsbLTYqcpIktdQytlVBwIjY9La5d6bs990nBxWg8efk=
github.com/xyproto/randomstring v1.0.5 h1:YtlWPoRdgMu3NZtP45drfy1GKoojuR7hmRcnhZqKjWU=
github.com/xyproto/randomstring v1.0.5/go.mod h1:rgmS5DeNXLivK7YprL0pY+lTuhNQW3iGxZ18UQApw/E=
golang.org/x/exp v0.0.0-20260709172345-9ea1abe57597 h1:qLvzZeaANDgyVOA8pyHCOStGlXn0rseXma+GQjeuv2g=
golang.org/x/exp v0.0.0-20260709172345-9ea1abe57597/go.mod h1:EdfpwwqSu+0Li0mzskwHU6FWDV3t9Q+RZDo3QMUtL3Q=
golang.org/x/sync v0.22.0 h1:SZjpbeLmrCk4xhRSZFNZW5gFUeCeFgjekvI/+gfScek=
golang.org/x/sync v0.22.0/go.mod h1:9xrNwdLfx4jkKbNva9FpL6vEN7evnE43NNNJQ2LF3+0=
